{
    "_readme": [
        "This file locks the dependencies of your project to a known state",
        "Read more about it at https://getcomposer.org/doc/01-basic-usage.md#composer-lock-the-lock-file",
        "This file is @generated automatically"
    ],
    "content-hash": "63df0a8850a625e3a02a360b5301d277",
    "packages": [
        {
            "name": "ivandelabeldad/collections",
            "version": "1.1.4",
            "source": {
                "type": "git",
                "url": "https://github.com/ivandelabeldad/php-collections.git",
                "reference": "e8adbaaa5a7f7a7d5245719c844e13806104ff6d"
            },
            "dist": {
                "type": "zip",
                "url": "https://api.github.com/repos/ivandelabeldad/php-collections/zipball/e8adbaaa5a7f7a7d5245719c844e13806104ff6d",
                "reference": "e8adbaaa5a7f7a7d5245719c844e13806104ff6d",
                "shasum": ""
            },
            "type": "library",
            "autoload": {
                "psr-4": {
                    "Collection\\": "src/"
                }
            },
            "notification-url": "https://packagist.org/downloads/",
            "license": [
                "MIT"
            ],
            "authors": [
                {
                    "name": "Ivan de la Beldad",
                    "email": "ivandelabeldad@gmail.com"
                }
            ],
            "description": "Basic Collections library for PHP",
            "time": "2017-10-25T22:03:27+00:00"
        }
    ],
    "packages-dev": [],
    "aliases": [],
    "minimum-stability": "stable",
    "stability-flags": [],
    "prefer-stable": false,
    "prefer-lowest": false,
    "platform": [],
    "platform-dev": []
}
